
Microsoft Visual Studio Solution File, Format Version 12.00
# Visual Studio Version 16
VisualStudioVersion = 16.0.30907.101
MinimumVisualStudioVersion = 10.0.40219.1
Project("{FAE04EC0-301F-11D3-BF4B-00C04F79EFBC}") = "AzureStreamer", "AzureStreamer.csproj", "{8ED987ED-E8E8-4011-AF15-2B21462292FE}"
EndProject
Project("{FAE04EC0-301F-11D3-BF4B-00C04F79EFBC}") = "AzureStreamingTester", "..\AzureStreamingTester\AzureStreamingTester.csproj", "{D8164D5F-9EB2-4E91-AEE1-9D7FEFBA1DA7}"
EndProject
Global
	GlobalSection(SolutionConfigurationPlatforms) = preSolution
		Debug|Any CPU = Debug|Any CPU
		Release|Any CPU = Release|Any CPU
	EndGlobalSection
	GlobalSection(ProjectConfigurationPlatforms) = postSolution
		{8ED987ED-E8E8-4011-AF15-2B21462292FE}.Debug|Any CPU.ActiveCfg = Debug|Any CPU
		{8ED987ED-E8E8-4011-AF15-2B21462292FE}.Debug|Any CPU.Build.0 = Debug|Any CPU
		{8ED987ED-E8E8-4011-AF15-2B21462292FE}.Release|Any CPU.ActiveCfg = Release|Any CPU
		{8ED987ED-E8E8-4011-AF15-2B21462292FE}.Release|Any CPU.Build.0 = Release|Any CPU
		{D8164D5F-9EB2-4E91-AEE1-9D7FEFBA1DA7}.Debug|Any CPU.ActiveCfg = Debug|Any CPU
		{D8164D5F-9EB2-4E91-AEE1-9D7FEFBA1DA7}.Debug|Any CPU.Build.0 = Debug|Any CPU
		{D8164D5F-9EB2-4E91-AEE1-9D7FEFBA1DA7}.Release|Any CPU.ActiveCfg = Release|Any CPU
		{D8164D5F-9EB2-4E91-AEE1-9D7FEFBA1DA7}.Release|Any CPU.Build.0 = Release|Any CPU
	EndGlobalSection
	GlobalSection(SolutionProperties) = preSolution
		HideSolutionNode = FALSE
	EndGlobalSection
	GlobalSection(ExtensibilityGlobals) = postSolution
		SolutionGuid = {0448EEE2-7AE1-4393-888F-D17BFEBBF396}
	EndGlobalSection
EndGlobal
